// !$*UTF8*$!
{
	archiveVersion = 1;
	classes = {
	};
	objectVersion = 56;
	objects = {

/* Begin PBXBuildFile section */
		4A939530DB143C87E082F5EF /* Pods_MyTodoList.framework in Frameworks */ = {isa = PBXBuildFile; fileRef = 49E4A5BF9CFBAD7F5CBCBA95 /* Pods_MyTodoList.framework */; };
		8448CB722B186EE3006102D1 /* AppDelegate.swift in Sources */ = {isa = PBXBuildFile; fileRef = 8448CB712B186EE3006102D1 /* AppDelegate.swift */; };
		8448CB742B186EE4006102D1 /* Assets.xcassets in Resources */ = {isa = PBXBuildFile; fileRef = 8448CB732B186EE4006102D1 /* Assets.xcassets */; };
		8448CB772B186EE4006102D1 /* MainMenu.xib in Resources */ = {isa = PBXBuildFile; fileRef = 8448CB752B186EE4006102D1 /* MainMenu.xib */; };
		8448CB7F2B187092006102D1 /* MyViewController.swift in Sources */ = {isa = PBXBuildFile; fileRef = 8448CB7E2B187092006102D1 /* MyViewController.swift */; };
		845EADA72B18B7DA0060F262 /* JavaScriptCore.framework in Frameworks */ = {isa = PBXBuildFile; fileRef = 845EADA62B18B7DA0060F262 /* JavaScriptCore.framework */; };
		84C1B0412B1B2F9C00A4AAF6 /* bundle.js in Resources */ = {isa = PBXBuildFile; fileRef = 84C1B0402B1B2F9B00A4AAF6 /* bundle.js */; };
/* End PBXBuildFile section */

/* Begin PBXFileReference section */
		49E4A5BF9CFBAD7F5CBCBA95 /* Pods_MyTodoList.framework */ = {isa = PBXFileReference; explicitFileType = wrapper.framework; includeInIndex = 0; path = Pods_MyTodoList.framework; sourceTree = BUILT_PRODUCTS_DIR; };
		53A41BE723B9B2412DA26BA0 /* Pods-MyTodoList.release.xcconfig */ = {isa = PBXFileReference; includeInIndex = 1; lastKnownFileType = text.xcconfig; name = "Pods-MyTodoList.release.xcconfig"; path = "Target Support Files/Pods-MyTodoList/Pods-MyTodoList.release.xcconfig"; sourceTree = "<group>"; };
		8448CB6E2B186EE3006102D1 /* MyTodoList.app */ = {isa = PBXFileReference; explicitFileType = wrapper.application; includeInIndex = 0; path = MyTodoList.app; sourceTree = BUILT_PRODUCTS_DIR; };
		8448CB712B186EE3006102D1 /* AppDelegate.swift */ = {isa = PBXFileReference; lastKnownFileType = sourcecode.swift; path = AppDelegate.swift; sourceTree = "<group>"; };
		8448CB732B186EE4006102D1 /* Assets.xcassets */ = {isa = PBXFileReference; lastKnownFileType = folder.assetcatalog; path = Assets.xcassets; sourceTree = "<group>"; };
		8448CB762B186EE4006102D1 /* Base */ = {isa = PBXFileReference; lastKnownFileType = file.xib; name = Base; path = Base.lproj/MainMenu.xib; sourceTree = "<group>"; };
		8448CB782B186EE4006102D1 /* MyTodoList.entitlements */ = {isa = PBXFileReference; lastKnownFileType = text.plist.entitlements; path = MyTodoList.entitlements; sourceTree = "<group>"; };
		8448CB7E2B187092006102D1 /* MyViewController.swift */ = {isa = PBXFileReference; lastKnownFileType = sourcecode.swift; path = MyViewController.swift; sourceTree = "<group>"; };
		845EADA62B18B7DA0060F262 /* JavaScriptCore.framework */ = {isa = PBXFileReference; lastKnownFileType = wrapper.framework; name = JavaScriptCore.framework; path = System/Library/Frameworks/JavaScriptCore.framework; sourceTree = SDKROOT; };
		84C1B0402B1B2F9B00A4AAF6 /* bundle.js */ = {isa = PBXFileReference; fileEncoding = 4; lastKnownFileType = sourcecode.javascript; path = bundle.js; sourceTree = "<group>"; };
		BD1737A54DC0A1E02626E71D /* Pods-MyTodoList.debug.xcconfig */ = {isa = PBXFileReference; includeInIndex = 1; lastKnownFileType = text.xcconfig; name = "Pods-MyTodoList.debug.xcconfig"; path = "Target Support Files/Pods-MyTodoList/Pods-MyTodoList.debug.xcconfig"; sourceTree = "<group>"; };
/* End PBXFileReference section */

/* Begin PBXFrameworksBuildPhase section */
		8448CB6B2B186EE3006102D1 /* Frameworks */ = {
			isa = PBXFrameworksBuildPhase;
			buildActionMask = 2147483647;
			files = (
				845EADA72B18B7DA0060F262 /* JavaScriptCore.framework in Frameworks */,
				4A939530DB143C87E082F5EF /* Pods_MyTodoList.framework in Frameworks */,
			);
			runOnlyForDeploymentPostprocessing = 0;
		};
/* End PBXFrameworksBuildPhase section */

/* Begin PBXGroup section */
		0E37CCA5A811EF6F039EDA0B /* Pods */ = {
			isa = PBXGroup;
			children = (
				BD1737A54DC0A1E02626E71D /* Pods-MyTodoList.debug.xcconfig */,
				53A41BE723B9B2412DA26BA0 /* Pods-MyTodoList.release.xcconfig */,
			);
			path = Pods;
			sourceTree = "<group>";
		};
		8448CB652B186EE3006102D1 = {
			isa = PBXGroup;
			children = (
				8448CB702B186EE3006102D1 /* MyTodoList */,
				8448CB6F2B186EE3006102D1 /* Products */,
				0E37CCA5A811EF6F039EDA0B /* Pods */,
				8A8024609ADA4E26B8610548 /* Frameworks */,
			);
			sourceTree = "<group>";
		};
		8448CB6F2B186EE3006102D1 /* Products */ = {
			isa = PBXGroup;
			children = (
				8448CB6E2B186EE3006102D1 /* MyTodoList.app */,
			);
			name = Products;
			sourceTree = "<group>";
		};
		8448CB702B186EE3006102D1 /* MyTodoList */ = {
			isa = PBXGroup;
			children = (
				84C1B0402B1B2F9B00A4AAF6 /* bundle.js */,
				8448CB7E2B187092006102D1 /* MyViewController.swift */,
				8448CB712B186EE3006102D1 /* AppDelegate.swift */,
				8448CB732B186EE4006102D1 /* Assets.xcassets */,
				8448CB752B186EE4006102D1 /* MainMenu.xib */,
				8448CB782B186EE4006102D1 /* MyTodoList.entitlements */,
			);
			path = MyTodoList;
			sourceTree = "<group>";
		};
		8A8024609ADA4E26B8610548 /* Frameworks */ = {
			isa = PBXGroup;
			children = (
				845EADA62B18B7DA0060F262 /* JavaScriptCore.framework */,
				49E4A5BF9CFBAD7F5CBCBA95 /* Pods_MyTodoList.framework */,
			);
			name = Frameworks;
			sourceTree = "<group>";
		};
/* End PBXGroup section */

/* Begin PBXNativeTarget section */
		8448CB6D2B186EE3006102D1 /* MyTodoList */ = {
			isa = PBXNativeTarget;
			buildConfigurationList = 8448CB7B2B186EE4006102D1 /* Build configuration list for PBXNativeTarget "MyTodoList" */;
			buildPhases = (
				40978180C1D5DDD99E7FD0E3 /* [CP] Check Pods Manifest.lock */,
				8448CB6A2B186EE3006102D1 /* Sources */,
				8448CB6B2B186EE3006102D1 /* Frameworks */,
				8448CB6C2B186EE3006102D1 /* Resources */,
				84C1B0422B1BA03E00A4AAF6 /* ShellScript */,
			);
			buildRules = (
			);
			dependencies = (
			);
			name = MyTodoList;
			productName = MyTodoList;
			productReference = 8448CB6E2B186EE3006102D1 /* MyTodoList.app */;
			productType = "com.apple.product-type.application";
		};
/* End PBXNativeTarget section */

/* Begin PBXProject section */
		8448CB662B186EE3006102D1 /* Project object */ = {
			isa = PBXProject;
			attributes = {
				BuildIndependentTargetsInParallel = 1;
				LastSwiftUpdateCheck = 1500;
				LastUpgradeCheck = 1500;
				TargetAttributes = {
					8448CB6D2B186EE3006102D1 = {
						CreatedOnToolsVersion = 15.0.1;
					};
				};
			};
			buildConfigurationList = 8448CB692B186EE3006102D1 /* Build configuration list for PBXProject "MyTodoList" */;
			compatibilityVersion = "Xcode 14.0";
			developmentRegion = en;
			hasScannedForEncodings = 0;
			knownRegions = (
				en,
				Base,
			);
			mainGroup = 8448CB652B186EE3006102D1;
			productRefGroup = 8448CB6F2B186EE3006102D1 /* Products */;
			projectDirPath = "";
			projectRoot = "";
			targets = (
				8448CB6D2B186EE3006102D1 /* MyTodoList */,
			);
		};
/* End PBXProject section */

/* Begin PBXResourcesBuildPhase section */
		8448CB6C2B186EE3006102D1 /* Resources */ = {
			isa = PBXResourcesBuildPhase;
			buildActionMask = 2147483647;
			files = (
				8448CB742B186EE4006102D1 /* Assets.xcassets in Resources */,
				8448CB772B186EE4006102D1 /* MainMenu.xib in Resources */,
				84C1B0412B1B2F9C00A4AAF6 /* bundle.js in Resources */,
			);
			runOnlyForDeploymentPostprocessing = 0;
		};
/* End PBXResourcesBuildPhase section */

/* Begin PBXShellScriptBuildPhase section */
		40978180C1D5DDD99E7FD0E3 /* [CP] Check Pods Manifest.lock */ = {
			isa = PBXShellScriptBuildPhase;
			buildActionMask = 2147483647;
			files = (
			);
			inputFileListPaths = (
			);
			inputPaths = (
				"${PODS_PODFILE_DIR_PATH}/Podfile.lock",
				"${PODS_ROOT}/Manifest.lock",
			);
			name = "[CP] Check Pods Manifest.lock";
			outputFileListPaths = (
			);
			outputPaths = (
				"$(DERIVED_FILE_DIR)/Pods-MyTodoList-checkManifestLockResult.txt",
			);
			runOnlyForDeploymentPostprocessing = 0;
			shellPath = /bin/sh;
			shellScript = "diff \"${PODS_PODFILE_DIR_PATH}/Podfile.lock\" \"${PODS_ROOT}/Manifest.lock\" > /dev/null\nif [ $? != 0 ] ; then\n    # print error to STDERR\n    echo \"error: The sandbox is not in sync with the Podfile.lock. Run 'pod install' or update your CocoaPods installation.\" >&2\n    exit 1\nfi\n# This output is used by Xcode 'outputs' to avoid re-running this script phase.\necho \"SUCCESS\" > \"${SCRIPT_OUTPUT_FILE_0}\"\n";
			showEnvVarsInLog = 0;
		};
		84C1B0422B1BA03E00A4AAF6 /* ShellScript */ = {
			isa = PBXShellScriptBuildPhase;
			buildActionMask = 2147483647;
			files = (
			);
			inputFileListPaths = (
			);
			inputPaths = (
			);
			outputFileListPaths = (
			);
			outputPaths = (
			);
			runOnlyForDeploymentPostprocessing = 0;
			shellPath = /bin/sh;
			shellScript = "# Type a script or drag a script file from your workspace to insert its path.\nSOURCE=\"${SRCROOT}/../metroish-bundler/bin/main.js\"\nDEST=\"${SRCROOT}/MyTodoList/bundle.js\"\n/bin/sh -c \"cp -vf ${SOURCE} ${DEST}\"\necho \"copied bundle.js\"\n";
		};
/* End PBXShellScriptBuildPhase section */

/* Begin PBXSourcesBuildPhase section */
		8448CB6A2B186EE3006102D1 /* Sources */ = {
			isa = PBXSourcesBuildPhase;
			buildActionMask = 2147483647;
			files = (
				8448CB7F2B187092006102D1 /* MyViewController.swift in Sources */,
				8448CB722B186EE3006102D1 /* AppDelegate.swift in Sources */,
			);
			runOnlyForDeploymentPostprocessing = 0;
		};
/* End PBXSourcesBuildPhase section */

/* Begin PBXVariantGroup section */
		8448CB752B186EE4006102D1 /* MainMenu.xib */ = {
			isa = PBXVariantGroup;
			children = (
				8448CB762B186EE4006102D1 /* Base */,
			);
			name = MainMenu.xib;
			sourceTree = "<group>";
		};
/* End PBXVariantGroup section */

/* Begin XCBuildConfiguration section */
		8448CB792B186EE4006102D1 /* Debug */ = {
			isa = XCBuildConfiguration;
			buildSettings = {
				ALWAYS_SEARCH_USER_PATHS = NO;
				ASSETCATALOG_COMPILER_GENERATE_SWIFT_ASSET_SYMBOL_EXTENSIONS = YES;
				CLANG_ANALYZER_NONNULL = YES;
				CLANG_ANALYZER_NUMBER_OBJECT_CONVERSION = YES_AGGRESSIVE;
				CLANG_CXX_LANGUAGE_STANDARD = "gnu++20";
				CLANG_ENABLE_MODULES = YES;
				CLANG_ENABLE_OBJC_ARC = YES;
				CLANG_ENABLE_OBJC_WEAK = YES;
				CLANG_WARN_BLOCK_CAPTURE_AUTORELEASING = YES;
				CLANG_WARN_BOOL_CONVERSION = YES;
				CLANG_WARN_COMMA = YES;
				CLANG_WARN_CONSTANT_CONVERSION = YES;
				CLANG_WARN_DEPRECATED_OBJC_IMPLEMENTATIONS = YES;
				CLANG_WARN_DIRECT_OBJC_ISA_USAGE = YES_ERROR;
				CLANG_WARN_DOCUMENTATION_COMMENTS = YES;
				CLANG_WARN_EMPTY_BODY = YES;
				CLANG_WARN_ENUM_CONVERSION = YES;
				CLANG_WARN_INFINITE_RECURSION = YES;
				CLANG_WARN_INT_CONVERSION = YES;
				CLANG_WARN_NON_LITERAL_NULL_CONVERSION = YES;
				CLANG_WARN_OBJC_IMPLICIT_RETAIN_SELF = YES;
				CLANG_WARN_OBJC_LITERAL_CONVERSION = YES;
				CLANG_WARN_OBJC_ROOT_CLASS = YES_ERROR;
				CLANG_WARN_QUOTED_INCLUDE_IN_FRAMEWORK_HEADER = YES;
				CLANG_WARN_RANGE_LOOP_ANALYSIS = YES;
				CLANG_WARN_STRICT_PROTOTYPES = YES;
				CLANG_WARN_SUSPICIOUS_MOVE = YES;
				CLANG_WARN_UNGUARDED_AVAILABILITY = YES_AGGRESSIVE;
				CLANG_WARN_UNREACHABLE_CODE = YES;
				CLANG_WARN__DUPLICATE_METHOD_MATCH = YES;
				COPY_PHASE_STRIP = NO;
				DEBUG_INFORMATION_FORMAT = dwarf;
				ENABLE_STRICT_OBJC_MSGSEND = YES;
				ENABLE_TESTABILITY = YES;
				ENABLE_USER_SCRIPT_SANDBOXING = YES;
				GCC_C_LANGUAGE_STANDARD = gnu17;
				GCC_DYNAMIC_NO_PIC = NO;
				GCC_NO_COMMON_BLOCKS = YES;
				GCC_OPTIMIZATION_LEVEL = 0;
				GCC_PREPROCESSOR_DEFINITIONS = (
					"DEBUG=1",
					"$(inherited)",
				);
				GCC_WARN_64_TO_32_BIT_CONVERSION = YES;
				GCC_WARN_ABOUT_RETURN_TYPE = YES_ERROR;
				GCC_WARN_UNDECLARED_SELECTOR = YES;
				GCC_WARN_UNINITIALIZED_AUTOS = YES_AGGRESSIVE;
				GCC_WARN_UNUSED_FUNCTION = YES;
				GCC_WARN_UNUSED_VARIABLE = YES;
				LOCALIZATION_PREFERS_STRING_CATALOGS = YES;
				MACOSX_DEPLOYMENT_TARGET = 13.6;
				MTL_ENABLE_DEBUG_INFO = INCLUDE_SOURCE;
				MTL_FAST_MATH = YES;
				ONLY_ACTIVE_ARCH = YES;
				SDKROOT = macosx;
				SWIFT_ACTIVE_COMPILATION_CONDITIONS = "DEBUG $(inherited)";
				SWIFT_OPTIMIZATION_LEVEL = "-Onone";
			};
			name = Debug;
		};
		8448CB7A2B186EE4006102D1 /* Release */ = {
			isa = XCBuildConfiguration;
			buildSettings = {
				ALWAYS_SEARCH_USER_PATHS = NO;
				ASSETCATALOG_COMPILER_GENERATE_SWIFT_ASSET_SYMBOL_EXTENSIONS = YES;
				CLANG_ANALYZER_NONNULL = YES;
				CLANG_ANALYZER_NUMBER_OBJECT_CONVERSION = YES_AGGRESSIVE;
				CLANG_CXX_LANGUAGE_STANDARD = "gnu++20";
				CLANG_ENABLE_MODULES = YES;
				CLANG_ENABLE_OBJC_ARC = YES;
				CLANG_ENABLE_OBJC_WEAK = YES;
				CLANG_WARN_BLOCK_CAPTURE_AUTORELEASING = YES;
				CLANG_WARN_BOOL_CONVERSION = YES;
				CLANG_WARN_COMMA = YES;
				CLANG_WARN_CONSTANT_CONVERSION = YES;
				CLANG_WARN_DEPRECATED_OBJC_IMPLEMENTATIONS = YES;
				CLANG_WARN_DIRECT_OBJC_ISA_USAGE = YES_ERROR;
				CLANG_WARN_DOCUMENTATION_COMMENTS = YES;
				CLANG_WARN_EMPTY_BODY = YES;
				CLANG_WARN_ENUM_CONVERSION = YES;
				CLANG_WARN_INFINITE_RECURSION = YES;
				CLANG_WARN_INT_CONVERSION = YES;
				CLANG_WARN_NON_LITERAL_NULL_CONVERSION = YES;
				CLANG_WARN_OBJC_IMPLICIT_RETAIN_SELF = YES;
				CLANG_WARN_OBJC_LITERAL_CONVERSION = YES;
				CLANG_WARN_OBJC_ROOT_CLASS = YES_ERROR;
				CLANG_WARN_QUOTED_INCLUDE_IN_FRAMEWORK_HEADER = YES;
				CLANG_WARN_RANGE_LOOP_ANALYSIS = YES;
				CLANG_WARN_STRICT_PROTOTYPES = YES;
				CLANG_WARN_SUSPICIOUS_MOVE = YES;
				CLANG_WARN_UNGUARDED_AVAILABILITY = YES_AGGRESSIVE;
				CLANG_WARN_UNREACHABLE_CODE = YES;
				CLANG_WARN__DUPLICATE_METHOD_MATCH = YES;
				COPY_PHASE_STRIP = NO;
				DEBUG_INFORMATION_FORMAT = "dwarf-with-dsym";
				ENABLE_NS_ASSERTIONS = NO;
				ENABLE_STRICT_OBJC_MSGSEND = YES;
				ENABLE_USER_SCRIPT_SANDBOXING = YES;
				GCC_C_LANGUAGE_STANDARD = gnu17;
				GCC_NO_COMMON_BLOCKS = YES;
				GCC_WARN_64_TO_32_BIT_CONVERSION = YES;
				GCC_WARN_ABOUT_RETURN_TYPE = YES_ERROR;
				GCC_WARN_UNDECLARED_SELECTOR = YES;
				GCC_WARN_UNINITIALIZED_AUTOS = YES_AGGRESSIVE;
				GCC_WARN_UNUSED_FUNCTION = YES;
				GCC_WARN_UNUSED_VARIABLE = YES;
				LOCALIZATION_PREFERS_STRING_CATALOGS = YES;
				MACOSX_DEPLOYMENT_TARGET = 13.6;
				MTL_ENABLE_DEBUG_INFO = NO;
				MTL_FAST_MATH = YES;
				SDKROOT = macosx;
				SWIFT_COMPILATION_MODE = wholemodule;
			};
			name = Release;
		};
		8448CB7C2B186EE4006102D1 /* Debug */ = {
			isa = XCBuildConfiguration;
			baseConfigurationReference = BD1737A54DC0A1E02626E71D /* Pods-MyTodoList.debug.xcconfig */;
			buildSettings = {
				ASSETCATALOG_COMPILER_APPICON_NAME = AppIcon;
				ASSETCATALOG_COMPILER_GLOBAL_ACCENT_COLOR_NAME = AccentColor;
				CODE_SIGN_ENTITLEMENTS = MyTodoList/MyTodoList.entitlements;
				CODE_SIGN_STYLE = Automatic;
				COMBINE_HIDPI_IMAGES = YES;
				CURRENT_PROJECT_VERSION = 1;
				DEVELOPMENT_TEAM = 33NUY94J6R;
				ENABLE_HARDENED_RUNTIME = NO;
				ENABLE_USER_SCRIPT_SANDBOXING = NO;
				GENERATE_INFOPLIST_FILE = YES;
				HEADER_SEARCH_PATHS = (
					"$(inherited)",
					"\"${PODS_CONFIGURATION_BUILD_DIR}/SocketRocket/SocketRocket.framework/Headers\"",
				);
				INFOPLIST_KEY_NSHumanReadableCopyright = "";
				INFOPLIST_KEY_NSMainNibFile = MainMenu;
				INFOPLIST_KEY_NSPrincipalClass = NSApplication;
				LD_RUNPATH_SEARCH_PATHS = (
					"$(inherited)",
					"@executable_path/../Frameworks",
				);
				MARKETING_VERSION = 1.0;
				PRODUCT_BUNDLE_IDENTIFIER = com.tiotuico.MyTodoList;
				PRODUCT_NAME = "$(TARGET_NAME)";
				SWIFT_EMIT_LOC_STRINGS = YES;
				SWIFT_VERSION = 5.0;
			};
			name = Debug;
		};
		8448CB7D2B186EE4006102D1 /* Release */ = {
			isa = XCBuildConfiguration;
			baseConfigurationReference = 53A41BE723B9B2412DA26BA0 /* Pods-MyTodoList.release.xcconfig */;
			buildSettings = {
				ASSETCATALOG_COMPILER_APPICON_NAME = AppIcon;
				ASSETCATALOG_COMPILER_GLOBAL_ACCENT_COLOR_NAME = AccentColor;
				CODE_SIGN_ENTITLEMENTS = MyTodoList/MyTodoList.entitlements;
				CODE_SIGN_STYLE = Automatic;
				COMBINE_HIDPI_IMAGES = YES;
				CURRENT_PROJECT_VERSION = 1;
				DEVELOPMENT_TEAM = 33NUY94J6R;
				ENABLE_HARDENED_RUNTIME = NO;
				ENABLE_USER_SCRIPT_SANDBOXING = NO;
				GENERATE_INFOPLIST_FILE = YES;
				INFOPLIST_KEY_NSHumanReadableCopyright = "";
				INFOPLIST_KEY_NSMainNibFile = MainMenu;
				INFOPLIST_KEY_NSPrincipalClass = NSApplication;
				LD_RUNPATH_SEARCH_PATHS = (
					"$(inherited)",
					"@executable_path/../Frameworks",
				);
				MARKETING_VERSION = 1.0;
				PRODUCT_BUNDLE_IDENTIFIER = com.tiotuico.MyTodoList;
				PRODUCT_NAME = "$(TARGET_NAME)";
				SWIFT_EMIT_LOC_STRINGS = YES;
				SWIFT_VERSION = 5.0;
			};
			name = Release;
		};
/* End XCBuildConfiguration section */

/* Begin XCConfigurationList section */
		8448CB692B186EE3006102D1 /* Build configuration list for PBXProject "MyTodoList" */ = {
			isa = XCConfigurationList;
			buildConfigurations = (
				8448CB792B186EE4006102D1 /* Debug */,
				8448CB7A2B186EE4006102D1 /* Release */,
			);
			defaultConfigurationIsVisible = 0;
			defaultConfigurationName = Release;
		};
		8448CB7B2B186EE4006102D1 /* Build configuration list for PBXNativeTarget "MyTodoList" */ = {
			isa = XCConfigurationList;
			buildConfigurations = (
				8448CB7C2B186EE4006102D1 /* Debug */,
				8448CB7D2B186EE4006102D1 /* Release */,
			);
			defaultConfigurationIsVisible = 0;
			defaultConfigurationName = Release;
		};
/* End XCConfigurationList section */
	};
	rootObject = 8448CB662B186EE3006102D1 /* Project object */;
}
